{
  "name": "@modl-gg/proto-tools",
  "version": "1.0.0",
  "lockfileVersion": 3,
  "requires": true,
  "packages": {
    "": {
      "name": "@modl-gg/proto-tools",
      "version": "1.0.0",
      "devDependencies": {
        "@bufbuild/buf": "^1.50.0"
      }
    },
    "node_modules/@bufbuild/buf": {
      "version": "1.66.1",
      "resolved": "https://registry.npmjs.org/@bufbuild/buf/-/buf-1.66.1.tgz",
      "integrity": "sha512-TelMLptEDfdcl8D+WjKQLzGGYKAwOSVjCPJ21L9X9xT7KZHigTAhHP5idrTCtXKHHPPQB6Sq12wVnhWgFQ9s7w==",
      "dev": true,
      "hasInstallScript": true,
      "license": "Apache-2.0",
      "bin": {
        "buf": "bin/buf",
        "protoc-gen-buf-breaking": "bin/protoc-gen-buf-breaking",
        "protoc-gen-buf-lint": "bin/protoc-gen-buf-lint"
      },
      "engines": {
        "node": ">=12"
      },
      "optionalDependencies": {
        "@bufbuild/buf-darwin-arm64": "1.66.1",
        "@bufbuild/buf-darwin-x64": "1.66.1",
        "@bufbuild/buf-linux-aarch64": "1.66.1",
        "@bufbuild/buf-linux-armv7": "1.66.1",
        "@bufbuild/buf-linux-x64": "1.66.1",
        "@bufbuild/buf-win32-arm64": "1.66.1",
        "@bufbuild/buf-win32-x64": "1.66.1"
      }
    },
    "node_modules/@bufbuild/buf-darwin-arm64": {
      "version": "1.66.1",
      "resolved": "https://registry.npmjs.org/@bufbuild/buf-darwin-arm64/-/buf-darwin-arm64-1.66.1.tgz",
      "integrity": "sha512-Yl7vvFhKrA87ctsIiwN2XWbJq34VxWoEzNBe9dhrutKLpy7hM7l/ylDCuctqPh+CGdSUijQfmHiA4bQgK8s2yQ==",
      "cpu": [
        "arm64"
      ],
      "dev": true,
      "license": "Apache-2.0",
      "optional": true,
      "os": [
        "darwin"
      ],
      "engines": {
        "node": ">=12"
      }
    },
    "node_modules/@bufbuild/buf-darwin-x64": {
      "version": "1.66.1",
      "resolved": "https://registry.npmjs.org/@bufbuild/buf-darwin-x64/-/buf-darwin-x64-1.66.1.tgz",
      "integrity": "sha512-pRbu0l7jtbXBBCq/7wrs2ZUFzCkDBDGuT3xlQt04k1SgIoW1lznpDnUZ6vbQj1rIU94dCbnsuL7M6k+rCFafOA==",
      "cpu": [
        "x64"
      ],
      "dev": true,
      "license": "Apache-2.0",
      "optional": true,
      "os": [
        "darwin"
      ],
      "engines": {
        "node": ">=12"
      }
    },
    "node_modules/@bufbuild/buf-linux-aarch64": {
      "version": "1.66.1",
      "resolved": "https://registry.npmjs.org/@bufbuild/buf-linux-aarch64/-/buf-linux-aarch64-1.66.1.tgz",
      "integrity": "sha512-V/dwOAcQ9r5B6BUEtUeVPvkpNxYhmHLILrJZmIqNdjpInVQWknpGm1Mmpy2xANuOhRh7O/Huq7kaoQvNjSdnWQ==",
      "cpu": [
        "arm64"
      ],
      "dev": true,
      "license": "Apache-2.0",
      "optional": true,
      "os": [
        "linux"
      ],
      "engines": {
        "node": ">=12"
      }
    },
    "node_modules/@bufbuild/buf-linux-armv7": {
      "version": "1.66.1",
      "resolved": "https://registry.npmjs.org/@bufbuild/buf-linux-armv7/-/buf-linux-armv7-1.66.1.tgz",
      "integrity": "sha512-WDmspvGLq/lNVj4jAb2TDWVKLzG9l5nwhNsZOo1I5UKrE0PD2LdbM7YdnMne15AIg3qlUxHqq2Eg8pVyxHqCqw==",
      "cpu": [
        "arm"
      ],
      "dev": true,
      "license": "Apache-2.0",
      "optional": true,
      "os": [
        "linux"
      ],
      "engines": {
        "node": ">=12"
      }
    },
    "node_modules/@bufbuild/buf-linux-x64": {
      "version": "1.66.1",
      "resolved": "https://registry.npmjs.org/@bufbuild/buf-linux-x64/-/buf-linux-x64-1.66.1.tgz",
      "integrity": "sha512-at0JeAlc+pquaNB/80R5F6bQs1gtdSuJRj+naei+lH2L2M1yQTiYU3f9dJnY4hVbq4/JbxSdxqJx2VOLPt1ztw==",
      "cpu": [
        "x64"
      ],
      "dev": true,
      "license": "Apache-2.0",
      "optional": true,
      "os": [
        "linux"
      ],
      "engines": {
        "node": ">=12"
      }
    },
    "node_modules/@bufbuild/buf-win32-arm64": {
      "version": "1.66.1",
      "resolved": "https://registry.npmjs.org/@bufbuild/buf-win32-arm64/-/buf-win32-arm64-1.66.1.tgz",
      "integrity": "sha512-gb2LDuqkY1RSFIOMYJQTimTLIsW2/pqOvcPWBDApUZBOQS5CJdrAtuoBqRzpqrI02OF45uinKmqq+9dun/X92A==",
      "cpu": [
        "arm64"
      ],
      "dev": true,
      "license": "Apache-2.0",
      "optional": true,
      "os": [
        "win32"
      ],
      "engines": {
        "node": ">=12"
      }
    },
    "node_modules/@bufbuild/buf-win32-x64": {
      "version": "1.66.1",
      "resolved": "https://registry.npmjs.org/@bufbuild/buf-win32-x64/-/buf-win32-x64-1.66.1.tgz",
      "integrity": "sha512-QzDiv9dAUr89HjHsKOrC5EQB+2aWVwKmhZFYzAGgHTt+ONAgz9RgLhwIm6LTtrLigB0LIHk/nLMIXB3sXUhyrg==",
      "cpu": [
        "x64"
      ],
      "dev": true,
      "license": "Apache-2.0",
      "optional": true,
      "os": [
        "win32"
      ],
      "engines": {
        "node": ">=12"
      }
    }
  }
}
