{
  "name": "@modl-gg/proto-tools",
  "version": "1.0.0",
  "lockfileVersion": 3,
  "requires": true,
  "packages": {
    "": {
      "name": "@modl-gg/proto-tools",
      "version": "1.0.0",
      "devDependencies": {
        "@bufbuild/buf": "^1.50.0",
        "ts-proto": "^2.6.1"
      }
    },
    "node_modules/@bufbuild/buf": {
      "version": "1.66.1",
      "resolved": "https://registry.npmjs.org/@bufbuild/buf/-/buf-1.66.1.tgz",
      "integrity": "sha512-TelMLptEDfdcl8D+WjKQLzGGYKAwOSVjCPJ21L9X9xT7KZHigTAhHP5idrTCtXKHHPPQB6Sq12wVnhWgFQ9s7w==",
      "dev": true,
      "hasInstallScript": true,
      "license": "Apache-2.0",
      "bin": {
        "buf": "bin/buf",
        "protoc-gen-buf-breaking": "bin/protoc-gen-buf-breaking",
        "protoc-gen-buf-lint": "bin/protoc-gen-buf-lint"
      },
      "engines": {
        "node": ">=12"
      },
      "optionalDependencies": {
        "@bufbuild/buf-darwin-arm64": "1.66.1",
        "@bufbuild/buf-darwin-x64": "1.66.1",
        "@bufbuild/buf-linux-aarch64": "1.66.1",
        "@bufbuild/buf-linux-armv7": "1.66.1",
        "@bufbuild/buf-linux-x64": "1.66.1",
        "@bufbuild/buf-win32-arm64": "1.66.1",
        "@bufbuild/buf-win32-x64": "1.66.1"
      }
    },
    "node_modules/@bufbuild/buf-darwin-arm64": {
      "version": "1.66.1",
      "resolved": "https://registry.npmjs.org/@bufbuild/buf-darwin-arm64/-/buf-darwin-arm64-1.66.1.tgz",
      "integrity": "sha512-Yl7vvFhKrA87ctsIiwN2XWbJq34VxWoEzNBe9dhrutKLpy7hM7l/ylDCuctqPh+CGdSUijQfmHiA4bQgK8s2yQ==",
      "cpu": [
        "arm64"
      ],
      "dev": true,
      "license": "Apache-2.0",
      "optional": true,
      "os": [
        "darwin"
      ],
      "engines": {
        "node": ">=12"
      }
    },
    "node_modules/@bufbuild/buf-darwin-x64": {
      "version": "1.66.1",
      "resolved": "https://registry.npmjs.org/@bufbuild/buf-darwin-x64/-/buf-darwin-x64-1.66.1.tgz",
      "integrity": "sha512-pRbu0l7jtbXBBCq/7wrs2ZUFzCkDBDGuT3xlQt04k1SgIoW1lznpDnUZ6vbQj1rIU94dCbnsuL7M6k+rCFafOA==",
      "cpu": [
        "x64"
      ],
      "dev": true,
      "license": "Apache-2.0",
      "optional": true,
      "os": [
        "darwin"
      ],
      "engines": {
        "node": ">=12"
      }
    },
    "node_modules/@bufbuild/buf-linux-aarch64": {
      "version": "1.66.1",
      "resolved": "https://registry.npmjs.org/@bufbuild/buf-linux-aarch64/-/buf-linux-aarch64-1.66.1.tgz",
      "integrity": "sha512-V/dwOAcQ9r5B6BUEtUeVPvkpNxYhmHLILrJZmIqNdjpInVQWknpGm1Mmpy2xANuOhRh7O/Huq7kaoQvNjSdnWQ==",
      "cpu": [
        "arm64"
      ],
      "dev": true,
      "license": "Apache-2.0",
      "optional": true,
      "os": [
        "linux"
      ],
      "engines": {
        "node": ">=12"
      }
    },
    "node_modules/@bufbuild/buf-linux-armv7": {
      "version": "1.66.1",
      "resolved": "https://registry.npmjs.org/@bufbuild/buf-linux-armv7/-/buf-linux-armv7-1.66.1.tgz",
      "integrity": "sha512-WDmspvGLq/lNVj4jAb2TDWVKLzG9l5nwhNsZOo1I5UKrE0PD2LdbM7YdnMne15AIg3qlUxHqq2Eg8pVyxHqCqw==",
      "cpu": [
        "arm"
      ],
      "dev": true,
      "license": "Apache-2.0",
      "optional": true,
      "os": [
        "linux"
      ],
      "engines": {
        "node": ">=12"
      }
    },
    "node_modules/@bufbuild/buf-linux-x64": {
      "version": "1.66.1",
      "resolved": "https://registry.npmjs.org/@bufbuild/buf-linux-x64/-/buf-linux-x64-1.66.1.tgz",
      "integrity": "sha512-at0JeAlc+pquaNB/80R5F6bQs1gtdSuJRj+naei+lH2L2M1yQTiYU3f9dJnY4hVbq4/JbxSdxqJx2VOLPt1ztw==",
      "cpu": [
        "x64"
      ],
      "dev": true,
      "license": "Apache-2.0",
      "optional": true,
      "os": [
        "linux"
      ],
      "engines": {
        "node": ">=12"
      }
    },
    "node_modules/@bufbuild/buf-win32-arm64": {
      "version": "1.66.1",
      "resolved": "https://registry.npmjs.org/@bufbuild/buf-win32-arm64/-/buf-win32-arm64-1.66.1.tgz",
      "integrity": "sha512-gb2LDuqkY1RSFIOMYJQTimTLIsW2/pqOvcPWBDApUZBOQS5CJdrAtuoBqRzpqrI02OF45uinKmqq+9dun/X92A==",
      "cpu": [
        "arm64"
      ],
      "dev": true,
      "license": "Apache-2.0",
      "optional": true,
      "os": [
        "win32"
      ],
      "engines": {
        "node": ">=12"
      }
    },
    "node_modules/@bufbuild/buf-win32-x64": {
      "version": "1.66.1",
      "resolved": "https://registry.npmjs.org/@bufbuild/buf-win32-x64/-/buf-win32-x64-1.66.1.tgz",
      "integrity": "sha512-QzDiv9dAUr89HjHsKOrC5EQB+2aWVwKmhZFYzAGgHTt+ONAgz9RgLhwIm6LTtrLigB0LIHk/nLMIXB3sXUhyrg==",
      "cpu": [
        "x64"
      ],
      "dev": true,
      "license": "Apache-2.0",
      "optional": true,
      "os": [
        "win32"
      ],
      "engines": {
        "node": ">=12"
      }
    },
    "node_modules/@bufbuild/protobuf": {
      "version": "2.11.0",
      "resolved": "https://registry.npmjs.org/@bufbuild/protobuf/-/protobuf-2.11.0.tgz",
      "integrity": "sha512-sBXGT13cpmPR5BMgHE6UEEfEaShh5Ror6rfN3yEK5si7QVrtZg8LEPQb0VVhiLRUslD2yLnXtnRzG035J/mZXQ==",
      "dev": true,
      "license": "(Apache-2.0 AND BSD-3-Clause)"
    },
    "node_modules/case-anything": {
      "version": "2.1.13",
      "resolved": "https://registry.npmjs.org/case-anything/-/case-anything-2.1.13.tgz",
      "integrity": "sha512-zlOQ80VrQ2Ue+ymH5OuM/DlDq64mEm+B9UTdHULv5osUMD6HalNTblf2b1u/m6QecjsnOkBpqVZ+XPwIVsy7Ng==",
      "dev": true,
      "license": "MIT",
      "engines": {
        "node": ">=12.13"
      },
      "funding": {
        "url": "https://github.com/sponsors/mesqueeb"
      }
    },
    "node_modules/detect-libc": {
      "version": "1.0.3",
      "resolved": "https://registry.npmjs.org/detect-libc/-/detect-libc-1.0.3.tgz",
      "integrity": "sha512-pGjwhsmsp4kL2RTz08wcOlGN83otlqHeD/Z5T8GXZB+/YcpQ/dgo+lbU8ZsGxV0HIvqqxo9l7mqYwyYMD9bKDg==",
      "dev": true,
      "license": "Apache-2.0",
      "bin": {
        "detect-libc": "bin/detect-libc.js"
      },
      "engines": {
        "node": ">=0.10"
      }
    },
    "node_modules/dprint-node": {
      "version": "1.0.8",
      "resolved": "https://registry.npmjs.org/dprint-node/-/dprint-node-1.0.8.tgz",
      "integrity": "sha512-iVKnUtYfGrYcW1ZAlfR/F59cUVL8QIhWoBJoSjkkdua/dkWIgjZfiLMeTjiB06X0ZLkQ0M2C1VbUj/CxkIf1zg==",
      "dev": true,
      "license": "MIT",
      "dependencies": {
        "detect-libc": "^1.0.3"
      }
    },
    "node_modules/ts-poet": {
      "version": "6.12.0",
      "resolved": "https://registry.npmjs.org/ts-poet/-/ts-poet-6.12.0.tgz",
      "integrity": "sha512-xo+iRNMWqyvXpFTaOAvLPA5QAWO6TZrSUs5s4Odaya3epqofBu/fMLHEWl8jPmjhA0s9sgj9sNvF1BmaQlmQkA==",
      "dev": true,
      "license": "Apache-2.0",
      "dependencies": {
        "dprint-node": "^1.0.8"
      }
    },
    "node_modules/ts-proto": {
      "version": "2.11.6",
      "resolved": "https://registry.npmjs.org/ts-proto/-/ts-proto-2.11.6.tgz",
      "integrity": "sha512-2rPkH5W/KeXOyVUC6o06RdRabVK8zSDmQpnRz4XbRiYMHRdI12KqDjAdGW7ebxzzMNE5cw/j+ptA0WMVqZILrQ==",
      "dev": true,
      "license": "ISC",
      "dependencies": {
        "@bufbuild/protobuf": "^2.10.2",
        "case-anything": "^2.1.13",
        "ts-poet": "^6.12.0",
        "ts-proto-descriptors": "2.1.0"
      },
      "bin": {
        "protoc-gen-ts_proto": "protoc-gen-ts_proto"
      }
    },
    "node_modules/ts-proto-descriptors": {
      "version": "2.1.0",
      "resolved": "https://registry.npmjs.org/ts-proto-descriptors/-/ts-proto-descriptors-2.1.0.tgz",
      "integrity": "sha512-S5EZYEQ6L9KLFfjSRpZWDIXDV/W7tAj8uW7pLsihIxyr62EAVSiKuVPwE8iWnr849Bqa53enex1jhDUcpgquzA==",
      "dev": true,
      "license": "ISC",
      "dependencies": {
        "@bufbuild/protobuf": "^2.0.0"
      }
    }
  }
}
